
Microsoft Visual Studio Solution File, Format Version 12.00
# Visual Studio Version 17
VisualStudioVersion = 17.11.35327.3
MinimumVisualStudioVersion = 10.0.40219.1
Project("{2150E333-8FDC-42A3-9474-1A3956D46DE8}") = "Source", "Source", "{098EDBBD-E627-402D-B0DA-B5F4C0D50AD3}"
EndProject
Project("{2150E333-8FDC-42A3-9474-1A3956D46DE8}") = "Examples", "Examples", "{9FB89AD7-4FFB-467D-BEFC-B80601356F7B}"
EndProject
Project("{2150E333-8FDC-42A3-9474-1A3956D46DE8}") = "Test", "Test", "{B0ABF23B-99DA-4106-89E0-7FA6F6FEEB7A}"
EndProject
Project("{9A19103F-16F7-4668-BE54-9A1E7A4F7556}") = "CodeGenerator", "Source\CodeGenerator\CodeGenerator.csproj", "{52BA0344-8F92-4D09-83D1-E72A39DDD2FE}"
EndProject
Project("{9A19103F-16F7-4668-BE54-9A1E7A4F7556}") = "CodeGenerator.Core", "Source\CodeGenerator.Core\CodeGenerator.Core.csproj", "{F63B2E0A-33D8-4590-ABFE-9DB78B3EDAA8}"
EndProject
Project("{9A19103F-16F7-4668-BE54-9A1E7A4F7556}") = "ConsoleExample", "Examples\ConsoleExample\ConsoleExample.csproj", "{EFF1F0C4-44D5-4FCA-B7B0-6D9C942F08F0}"
EndProject
Project("{9A19103F-16F7-4668-BE54-9A1E7A4F7556}") = "ClusterExample", "Examples\ClusterExample\ClusterExample.csproj", "{F3A5809E-CFDB-47F8-9C39-8FE97DD53812}"
EndProject
Project("{9A19103F-16F7-4668-BE54-9A1E7A4F7556}") = "CodeGeneratorTest", "Test\CodeGeneratorTest\CodeGeneratorTest.csproj", "{0F77F6E9-2EA3-4FC8-BD13-AA75D829EC5C}"
EndProject
Project("{9A19103F-16F7-4668-BE54-9A1E7A4F7556}") = "ScikitLearnTest", "Test\ScikitLearnTest\ScikitLearnTest.csproj", "{FD428C4E-C955-4802-BFCB-F35DECA579FC}"
EndProject
Project("{9A19103F-16F7-4668-BE54-9A1E7A4F7556}") = "ScikitLearn", "..\ScikitLearnDotNet\Source\ScikitLearn\ScikitLearn.csproj", "{AE3E65A2-1A36-4F1C-B520-AE99DA24F884}"
EndProject
Global
	GlobalSection(SolutionConfigurationPlatforms) = preSolution
		Debug|Any CPU = Debug|Any CPU
		Release|Any CPU = Release|Any CPU
	EndGlobalSection
	GlobalSection(ProjectConfigurationPlatforms) = postSolution
		{52BA0344-8F92-4D09-83D1-E72A39DDD2FE}.Debug|Any CPU.ActiveCfg = Debug|Any CPU
		{52BA0344-8F92-4D09-83D1-E72A39DDD2FE}.Debug|Any CPU.Build.0 = Debug|Any CPU
		{52BA0344-8F92-4D09-83D1-E72A39DDD2FE}.Release|Any CPU.ActiveCfg = Release|Any CPU
		{52BA0344-8F92-4D09-83D1-E72A39DDD2FE}.Release|Any CPU.Build.0 = Release|Any CPU
		{F63B2E0A-33D8-4590-ABFE-9DB78B3EDAA8}.Debug|Any CPU.ActiveCfg = Debug|Any CPU
		{F63B2E0A-33D8-4590-ABFE-9DB78B3EDAA8}.Debug|Any CPU.Build.0 = Debug|Any CPU
		{F63B2E0A-33D8-4590-ABFE-9DB78B3EDAA8}.Release|Any CPU.ActiveCfg = Release|Any CPU
		{F63B2E0A-33D8-4590-ABFE-9DB78B3EDAA8}.Release|Any CPU.Build.0 = Release|Any CPU
		{EFF1F0C4-44D5-4FCA-B7B0-6D9C942F08F0}.Debug|Any CPU.ActiveCfg = Debug|Any CPU
		{EFF1F0C4-44D5-4FCA-B7B0-6D9C942F08F0}.Debug|Any CPU.Build.0 = Debug|Any CPU
		{EFF1F0C4-44D5-4FCA-B7B0-6D9C942F08F0}.Release|Any CPU.ActiveCfg = Release|Any CPU
		{EFF1F0C4-44D5-4FCA-B7B0-6D9C942F08F0}.Release|Any CPU.Build.0 = Release|Any CPU
		{F3A5809E-CFDB-47F8-9C39-8FE97DD53812}.Debug|Any CPU.ActiveCfg = Debug|Any CPU
		{F3A5809E-CFDB-47F8-9C39-8FE97DD53812}.Debug|Any CPU.Build.0 = Debug|Any CPU
		{F3A5809E-CFDB-47F8-9C39-8FE97DD53812}.Release|Any CPU.ActiveCfg = Release|Any CPU
		{F3A5809E-CFDB-47F8-9C39-8FE97DD53812}.Release|Any CPU.Build.0 = Release|Any CPU
		{0F77F6E9-2EA3-4FC8-BD13-AA75D829EC5C}.Debug|Any CPU.ActiveCfg = Debug|Any CPU
		{0F77F6E9-2EA3-4FC8-BD13-AA75D829EC5C}.Debug|Any CPU.Build.0 = Debug|Any CPU
		{0F77F6E9-2EA3-4FC8-BD13-AA75D829EC5C}.Release|Any CPU.ActiveCfg = Release|Any CPU
		{0F77F6E9-2EA3-4FC8-BD13-AA75D829EC5C}.Release|Any CPU.Build.0 = Release|Any CPU
		{FD428C4E-C955-4802-BFCB-F35DECA579FC}.Debug|Any CPU.ActiveCfg = Debug|Any CPU
		{FD428C4E-C955-4802-BFCB-F35DECA579FC}.Debug|Any CPU.Build.0 = Debug|Any CPU
		{FD428C4E-C955-4802-BFCB-F35DECA579FC}.Release|Any CPU.ActiveCfg = Release|Any CPU
		{FD428C4E-C955-4802-BFCB-F35DECA579FC}.Release|Any CPU.Build.0 = Release|Any CPU
		{AE3E65A2-1A36-4F1C-B520-AE99DA24F884}.Debug|Any CPU.ActiveCfg = Debug|Any CPU
		{AE3E65A2-1A36-4F1C-B520-AE99DA24F884}.Debug|Any CPU.Build.0 = Debug|Any CPU
		{AE3E65A2-1A36-4F1C-B520-AE99DA24F884}.Release|Any CPU.ActiveCfg = Release|Any CPU
		{AE3E65A2-1A36-4F1C-B520-AE99DA24F884}.Release|Any CPU.Build.0 = Release|Any CPU
	EndGlobalSection
	GlobalSection(SolutionProperties) = preSolution
		HideSolutionNode = FALSE
	EndGlobalSection
	GlobalSection(NestedProjects) = preSolution
		{52BA0344-8F92-4D09-83D1-E72A39DDD2FE} = {098EDBBD-E627-402D-B0DA-B5F4C0D50AD3}
		{F63B2E0A-33D8-4590-ABFE-9DB78B3EDAA8} = {098EDBBD-E627-402D-B0DA-B5F4C0D50AD3}
		{EFF1F0C4-44D5-4FCA-B7B0-6D9C942F08F0} = {9FB89AD7-4FFB-467D-BEFC-B80601356F7B}
		{F3A5809E-CFDB-47F8-9C39-8FE97DD53812} = {9FB89AD7-4FFB-467D-BEFC-B80601356F7B}
		{0F77F6E9-2EA3-4FC8-BD13-AA75D829EC5C} = {B0ABF23B-99DA-4106-89E0-7FA6F6FEEB7A}
		{FD428C4E-C955-4802-BFCB-F35DECA579FC} = {B0ABF23B-99DA-4106-89E0-7FA6F6FEEB7A}
		{AE3E65A2-1A36-4F1C-B520-AE99DA24F884} = {098EDBBD-E627-402D-B0DA-B5F4C0D50AD3}
	EndGlobalSection
	GlobalSection(ExtensibilityGlobals) = postSolution
		SolutionGuid = {CE78EBB2-1308-4035-A090-19C45E244190}
	EndGlobalSection
EndGlobal
