
Microsoft Visual Studio Solution File, Format Version 12.00
# Visual Studio Version 17
VisualStudioVersion = 17.11.35327.3
MinimumVisualStudioVersion = 10.0.40219.1
Project("{2150E333-8FDC-42A3-9474-1A3956D46DE8}") = "Source", "Source", "{098EDBBD-E627-402D-B0DA-B5F4C0D50AD3}"
EndProject
Project("{2150E333-8FDC-42A3-9474-1A3956D46DE8}") = "Examples", "Examples", "{9FB89AD7-4FFB-467D-BEFC-B80601356F7B}"
EndProject
Project("{2150E333-8FDC-42A3-9474-1A3956D46DE8}") = "Test", "Test", "{B0ABF23B-99DA-4106-89E0-7FA6F6FEEB7A}"
EndProject
Project("{9A19103F-16F7-4668-BE54-9A1E7A4F7556}") = "ExampleCluster", "Examples\ExampleCluster\ExampleCluster.csproj", "{37F7D1BA-E739-45C3-B4D4-2AF4C1AF2DB5}"
EndProject
Project("{9A19103F-16F7-4668-BE54-9A1E7A4F7556}") = "CodeGenerator", "Source\CodeGenerator\CodeGenerator.csproj", "{52BA0344-8F92-4D09-83D1-E72A39DDD2FE}"
EndProject
Project("{9A19103F-16F7-4668-BE54-9A1E7A4F7556}") = "ScikitLearn", "Source\ScikitLearn\ScikitLearn.csproj", "{D3CE2771-52F8-4725-8DBF-F47B6EDE078A}"
EndProject
Global
	GlobalSection(SolutionConfigurationPlatforms) = preSolution
		Debug|Any CPU = Debug|Any CPU
		Release|Any CPU = Release|Any CPU
	EndGlobalSection
	GlobalSection(ProjectConfigurationPlatforms) = postSolution
		{37F7D1BA-E739-45C3-B4D4-2AF4C1AF2DB5}.Debug|Any CPU.ActiveCfg = Debug|Any CPU
		{37F7D1BA-E739-45C3-B4D4-2AF4C1AF2DB5}.Debug|Any CPU.Build.0 = Debug|Any CPU
		{37F7D1BA-E739-45C3-B4D4-2AF4C1AF2DB5}.Release|Any CPU.ActiveCfg = Release|Any CPU
		{37F7D1BA-E739-45C3-B4D4-2AF4C1AF2DB5}.Release|Any CPU.Build.0 = Release|Any CPU
		{52BA0344-8F92-4D09-83D1-E72A39DDD2FE}.Debug|Any CPU.ActiveCfg = Debug|Any CPU
		{52BA0344-8F92-4D09-83D1-E72A39DDD2FE}.Debug|Any CPU.Build.0 = Debug|Any CPU
		{52BA0344-8F92-4D09-83D1-E72A39DDD2FE}.Release|Any CPU.ActiveCfg = Release|Any CPU
		{52BA0344-8F92-4D09-83D1-E72A39DDD2FE}.Release|Any CPU.Build.0 = Release|Any CPU
		{D3CE2771-52F8-4725-8DBF-F47B6EDE078A}.Debug|Any CPU.ActiveCfg = Debug|Any CPU
		{D3CE2771-52F8-4725-8DBF-F47B6EDE078A}.Debug|Any CPU.Build.0 = Debug|Any CPU
		{D3CE2771-52F8-4725-8DBF-F47B6EDE078A}.Release|Any CPU.ActiveCfg = Release|Any CPU
		{D3CE2771-52F8-4725-8DBF-F47B6EDE078A}.Release|Any CPU.Build.0 = Release|Any CPU
	EndGlobalSection
	GlobalSection(SolutionProperties) = preSolution
		HideSolutionNode = FALSE
	EndGlobalSection
	GlobalSection(NestedProjects) = preSolution
		{37F7D1BA-E739-45C3-B4D4-2AF4C1AF2DB5} = {9FB89AD7-4FFB-467D-BEFC-B80601356F7B}
		{52BA0344-8F92-4D09-83D1-E72A39DDD2FE} = {098EDBBD-E627-402D-B0DA-B5F4C0D50AD3}
		{D3CE2771-52F8-4725-8DBF-F47B6EDE078A} = {098EDBBD-E627-402D-B0DA-B5F4C0D50AD3}
	EndGlobalSection
	GlobalSection(ExtensibilityGlobals) = postSolution
		SolutionGuid = {CE78EBB2-1308-4035-A090-19C45E244190}
	EndGlobalSection
EndGlobal
